# Generated by pub
# See https://dart.dev/tools/pub/glossary#lockfile
packages:
  async:
    dependency: transitive
    description:
      : async
      url: "https://pub.dartlang.org"
    source: hosted
    version: "2.8.2"
  bloc:
    dependency: transitive
    description:
      : bloc
      url: "https://pub.dartlang.org"
    source: hosted
    version: "8.0.3"
  boolean_selector:
    dependency: transitive
    description:
      : boolean_selector
      url: "https://pub.dartlang.org"
    source: hosted
    version: "2.1.0"
  characters:
    dependency: transitive
    description:
      : characters
      url: "https://pub.dartlang.org"
    source: hosted
    version: "1.2.0"
  charcode:
    dependency: transitive
    description:
      : charcode
      url: "https://pub.dartlang.org"
    source: hosted
    version: "1.3.1"
  clock:
    dependency: transitive
    description:
      : clock
      url: "https://pub.dartlang.org"
    source: hosted
    version: "1.1.0"
  collection:
    dependency: transitive
    description:
      : collection
      url: "https://pub.dartlang.org"
    source: hosted
    version: "1.16.0"
  cupertino_icons:
    dependency: "direct main"
    description:
      : cupertino_icons
      url: "https://pub.dartlang.org"
    source: hosted
    version: "1.0.5"
  fake_async:
    dependency: transitive
    description:
      : fake_async
      url: "https://pub.dartlang.org"
    source: hosted
    version: "1.3.0"
  flutter:
    dependency: "direct main"
    description: flutter
    source: sdk
    version: "0.0.0"
  flutter_bloc:
    dependency: "direct main"
    description:
      : flutter_bloc
      url: "https://pub.dartlang.org"
    source: hosted
    version: "8.0.1"
  flutter_lints:
    dependency: "direct dev"
    description:
      : flutter_lints
      url: "https://pub.dartlang.org"
    source: hosted
    version: "2.0.1"
  flutter_test:
    dependency: "direct dev"
    description: flutter
    source: sdk
    version: "0.0.0"
  http:
    dependency: "direct main"
    description:
      : http
      url: "https://pub.dartlang.org"
    source: hosted
    version: "0.12.2"
  http_parser:
    dependency: transitive
    description:
      : http_parser
      url: "https://pub.dartlang.org"
    source: hosted
    version: "3.1.4"
  lints:
    dependency: transitive
    description:
      : lints
      url: "https://pub.dartlang.org"
    source: hosted
    version: "2.0.0"
  matcher:
    dependency: transitive
    description:
      : matcher
      url: "https://pub.dartlang.org"
    source: hosted
    version: "0.12.11"
  material_color_utilities:
    dependency: transitive
    description:
      : material_color_utilities
      url: "https://pub.dartlang.org"
    source: hosted
    version: "0.1.4"
  meta:
    dependency: transitive
    description:
      : meta
      url: "https://pub.dartlang.org"
    source: hosted
    version: "1.7.0"
  nested:
    dependency: transitive
    description:
      : nested
      url: "https://pub.dartlang.org"
    source: hosted
    version: "1.0.0"
  path:
    dependency: transitive
    description:
      : path
      url: "https://pub.dartlang.org"
    source: hosted
    version: "1.8.1"
  pedantic:
    dependency: transitive
    description:
      : pedantic
      url: "https://pub.dartlang.org"
    source: hosted
    version: "1.11.1"
  provider:
    dependency: transitive
    description:
      : provider
      url: "https://pub.dartlang.org"
    source: hosted
    version: "6.0.3"
  rxdart:
    dependency: "direct main"
    description:
      : rxdart
      url: "https://pub.dartlang.org"
    source: hosted
    version: "0.18.1"
  sky_engine:
    dependency: transitive
    description: flutter
    source: sdk
    version: "0.0.99"
  source_span:
    dependency: transitive
    description:
      : source_span
      url: "https://pub.dartlang.org"
    source: hosted
    version: "1.8.2"
  stack_trace:
    dependency: transitive
    description:
      : stack_trace
      url: "https://pub.dartlang.org"
    source: hosted
    version: "1.10.0"
  stream_channel:
    dependency: transitive
    description:
      : stream_channel
      url: "https://pub.dartlang.org"
    source: hosted
    version: "2.1.0"
  string_scanner:
    dependency: transitive
    description:
      : string_scanner
      url: "https://pub.dartlang.org"
    source: hosted
    version: "1.1.0"
  term_glyph:
    dependency: transitive
    description:
      : term_glyph
      url: "https://pub.dartlang.org"
    source: hosted
    version: "1.2.0"
  test_api:
    dependency: transitive
    description:
      : test_api
      url: "https://pub.dartlang.org"
    source: hosted
    version: "0.4.9"
  typed_data:
    dependency: transitive
    description:
      : typed_data
      url: "https://pub.dartlang.org"
    source: hosted
    version: "1.3.1"
  vector_math:
    dependency: transitive
    description:
      : vector_math
      url: "https://pub.dartlang.org"
    source: hosted
    version: "2.1.2"
sdks:
  dart: ">=2.17.5 <3.0.0"
  flutter: ">=1.16.0"
